<Solution>
  <Folder Name="/src/">
    <Project Path="src/DoseLab.Api/DoseLab.Api.csproj" />
    <Project Path="src/DoseLab.Application/DoseLab.Application.csproj" />
  </Folder>
  <Folder Name="/tests/">
    <Project Path="tests/DoseLab.ApiTests/DoseLab.ApiTests.csproj" />
    <Project Path="tests/DoseLab.UnitTests/DoseLab.UnitTests.csproj" />
  </Folder>
</Solution>
